
Microsoft Visual Studio Solution File, Format Version 12.00
# Visual Studio Version 17
VisualStudioVersion = 17.5.33530.505
MinimumVisualStudioVersion = 10.0.40219.1
Project("{FAE04EC0-301F-11D3-BF4B-00C04F79EFBC}") = "Lab4_Server", "Lab4_Server.csproj", "{3CEC78AC-1A5D-4839-8846-FAA4AD3F2D78}"
EndProject
Global
	GlobalSection(SolutionConfigurationPlatforms) = preSolution
		Debug|Any CPU = Debug|Any CPU
		Release|Any CPU = Release|Any CPU
	EndGlobalSection
	GlobalSection(ProjectConfigurationPlatforms) = postSolution
		{3CEC78AC-1A5D-4839-8846-FAA4AD3F2D78}.Debug|Any CPU.ActiveCfg = Debug|Any CPU
		{3CEC78AC-1A5D-4839-8846-FAA4AD3F2D78}.Debug|Any CPU.Build.0 = Debug|Any CPU
		{3CEC78AC-1A5D-4839-8846-FAA4AD3F2D78}.Release|Any CPU.ActiveCfg = Release|Any CPU
		{3CEC78AC-1A5D-4839-8846-FAA4AD3F2D78}.Release|Any CPU.Build.0 = Release|Any CPU
	EndGlobalSection
	GlobalSection(SolutionProperties) = preSolution
		HideSolutionNode = FALSE
	EndGlobalSection
	GlobalSection(ExtensibilityGlobals) = postSolution
		SolutionGuid = {06A29E8B-C945-4114-924A-C07C92E65CD9}
	EndGlobalSection
EndGlobal
